
Microsoft Visual Studio Solution File, Format Version 12.00
# Visual Studio Version 17
VisualStudioVersion = 17.5.002.0
MinimumVisualStudioVersion = 10.0.40219.1
Project("{2150E333-8FDC-42A3-9474-1A3956D46DE8}") = "sandbox", "sandbox", "{AC9FF90B-6A83-4DF3-8A29-896CF5C85F26}"
EndProject
Project("{9A19103F-16F7-4668-BE54-9A1E7A4F7556}") = "sandbox_project", "sandbox\sandbox_project\sandbox_project.csproj", "{E19F7147-2375-4BC6-884C-BF102B1ABE86}"
EndProject
Project("{2150E333-8FDC-42A3-9474-1A3956D46DE8}") = "week01", "week01", "{3AF55377-334E-4305-A647-1DE32B759488}"
EndProject
Project("{9A19103F-16F7-4668-BE54-9A1E7A4F7556}") = "analyze", "week01\analyze\analyze.csproj", "{5077EB57-2C13-4959-98CF-DF5FB0E8297A}"
EndProject
Project("{9A19103F-16F7-4668-BE54-9A1E7A4F7556}") = "code", "week01\code\code.csproj", "{1BD226D7-FBD4-4DF6-8643-6A9CF1C6FE8F}"
EndProject
Project("{9A19103F-16F7-4668-BE54-9A1E7A4F7556}") = "teach", "week01\teach\teach.csproj", "{2FE8664D-B30D-4076-9C5F-D0522C1E85DA}"
EndProject
Project("{2150E333-8FDC-42A3-9474-1A3956D46DE8}") = "week02", "week02", "{66AB9DC7-AA6F-4836-B30D-8A63EEC00B27}"
EndProject
Project("{9A19103F-16F7-4668-BE54-9A1E7A4F7556}") = "analyze", "week02\analyze\analyze.csproj", "{8774F9BB-EA29-47BB-B14D-F478E82074CF}"
EndProject
Project("{9A19103F-16F7-4668-BE54-9A1E7A4F7556}") = "code", "week02\code\code.csproj", "{569F4DC9-90ED-4B90-88E2-80494E66B205}"
EndProject
Project("{9A19103F-16F7-4668-BE54-9A1E7A4F7556}") = "learn", "week02\learn\learn.csproj", "{F8FE1D42-B9DF-4BB8-B7E1-A1C1CBE765F8}"
EndProject
Project("{9A19103F-16F7-4668-BE54-9A1E7A4F7556}") = "teach", "week02\teach\teach.csproj", "{1FE648DC-817E-4F6C-AA83-563D2EEC8623}"
EndProject
Project("{2150E333-8FDC-42A3-9474-1A3956D46DE8}") = "week03", "week03", "{BCEEF835-275E-458C-A4C4-6BCDABCDBE5A}"
EndProject
Project("{9A19103F-16F7-4668-BE54-9A1E7A4F7556}") = "code", "week03\code\code.csproj", "{F105714C-4F91-4001-8967-B68343CDA5DC}"
EndProject
Project("{9A19103F-16F7-4668-BE54-9A1E7A4F7556}") = "learn", "week03\learn\learn.csproj", "{69A6F433-11E0-4AA3-9FF8-8DE823E72066}"
EndProject
Project("{9A19103F-16F7-4668-BE54-9A1E7A4F7556}") = "teach", "week03\teach\teach.csproj", "{BD35F8A3-CA15-4A38-98C3-2DE1B4F89E80}"
EndProject
Project("{2150E333-8FDC-42A3-9474-1A3956D46DE8}") = "week04", "week04", "{3E922E33-35D8-4575-90E9-3A513A4864A1}"
EndProject
Project("{9A19103F-16F7-4668-BE54-9A1E7A4F7556}") = "code", "week04\code\code.csproj", "{1F986C1E-451F-4C98-8A09-0940B3C01515}"
EndProject
Project("{2150E333-8FDC-42A3-9474-1A3956D46DE8}") = "week05", "week05", "{CF835F25-1F90-48B2-A351-30FA3604592B}"
EndProject
Project("{9A19103F-16F7-4668-BE54-9A1E7A4F7556}") = "code", "week05\code\code.csproj", "{B06C39F0-E54A-47AD-936A-D1D818435F22}"
EndProject
Project("{2150E333-8FDC-42A3-9474-1A3956D46DE8}") = "week06", "week06", "{F7576199-018D-4F00-98DC-0591057C5506}"
EndProject
Project("{9A19103F-16F7-4668-BE54-9A1E7A4F7556}") = "code", "week06\code\code.csproj", "{DE75FEAC-BD57-474D-B253-C46B14D7D6F2}"
EndProject
Global
	GlobalSection(SolutionConfigurationPlatforms) = preSolution
		Debug|Any CPU = Debug|Any CPU
		Release|Any CPU = Release|Any CPU
	EndGlobalSection
	GlobalSection(ProjectConfigurationPlatforms) = postSolution
		{E19F7147-2375-4BC6-884C-BF102B1ABE86}.Debug|Any CPU.ActiveCfg = Debug|Any CPU
		{E19F7147-2375-4BC6-884C-BF102B1ABE86}.Debug|Any CPU.Build.0 = Debug|Any CPU
		{E19F7147-2375-4BC6-884C-BF102B1ABE86}.Release|Any CPU.ActiveCfg = Release|Any CPU
		{E19F7147-2375-4BC6-884C-BF102B1ABE86}.Release|Any CPU.Build.0 = Release|Any CPU
		{5077EB57-2C13-4959-98CF-DF5FB0E8297A}.Debug|Any CPU.ActiveCfg = Debug|Any CPU
		{5077EB57-2C13-4959-98CF-DF5FB0E8297A}.Debug|Any CPU.Build.0 = Debug|Any CPU
		{5077EB57-2C13-4959-98CF-DF5FB0E8297A}.Release|Any CPU.ActiveCfg = Release|Any CPU
		{5077EB57-2C13-4959-98CF-DF5FB0E8297A}.Release|Any CPU.Build.0 = Release|Any CPU
		{1BD226D7-FBD4-4DF6-8643-6A9CF1C6FE8F}.Debug|Any CPU.ActiveCfg = Debug|Any CPU
		{1BD226D7-FBD4-4DF6-8643-6A9CF1C6FE8F}.Debug|Any CPU.Build.0 = Debug|Any CPU
		{1BD226D7-FBD4-4DF6-8643-6A9CF1C6FE8F}.Release|Any CPU.ActiveCfg = Release|Any CPU
		{1BD226D7-FBD4-4DF6-8643-6A9CF1C6FE8F}.Release|Any CPU.Build.0 = Release|Any CPU
		{2FE8664D-B30D-4076-9C5F-D0522C1E85DA}.Debug|Any CPU.ActiveCfg = Debug|Any CPU
		{2FE8664D-B30D-4076-9C5F-D0522C1E85DA}.Debug|Any CPU.Build.0 = Debug|Any CPU
		{2FE8664D-B30D-4076-9C5F-D0522C1E85DA}.Release|Any CPU.ActiveCfg = Release|Any CPU
		{2FE8664D-B30D-4076-9C5F-D0522C1E85DA}.Release|Any CPU.Build.0 = Release|Any CPU
		{8774F9BB-EA29-47BB-B14D-F478E82074CF}.Debug|Any CPU.ActiveCfg = Debug|Any CPU
		{8774F9BB-EA29-47BB-B14D-F478E82074CF}.Debug|Any CPU.Build.0 = Debug|Any CPU
		{8774F9BB-EA29-47BB-B14D-F478E82074CF}.Release|Any CPU.ActiveCfg = Release|Any CPU
		{8774F9BB-EA29-47BB-B14D-F478E82074CF}.Release|Any CPU.Build.0 = Release|Any CPU
		{569F4DC9-90ED-4B90-88E2-80494E66B205}.Debug|Any CPU.ActiveCfg = Debug|Any CPU
		{569F4DC9-90ED-4B90-88E2-80494E66B205}.Debug|Any CPU.Build.0 = Debug|Any CPU
		{569F4DC9-90ED-4B90-88E2-80494E66B205}.Release|Any CPU.ActiveCfg = Release|Any CPU
		{569F4DC9-90ED-4B90-88E2-80494E66B205}.Release|Any CPU.Build.0 = Release|Any CPU
		{F8FE1D42-B9DF-4BB8-B7E1-A1C1CBE765F8}.Debug|Any CPU.ActiveCfg = Debug|Any CPU
		{F8FE1D42-B9DF-4BB8-B7E1-A1C1CBE765F8}.Debug|Any CPU.Build.0 = Debug|Any CPU
		{F8FE1D42-B9DF-4BB8-B7E1-A1C1CBE765F8}.Release|Any CPU.ActiveCfg = Release|Any CPU
		{F8FE1D42-B9DF-4BB8-B7E1-A1C1CBE765F8}.Release|Any CPU.Build.0 = Release|Any CPU
		{1FE648DC-817E-4F6C-AA83-563D2EEC8623}.Debug|Any CPU.ActiveCfg = Debug|Any CPU
		{1FE648DC-817E-4F6C-AA83-563D2EEC8623}.Debug|Any CPU.Build.0 = Debug|Any CPU
		{1FE648DC-817E-4F6C-AA83-563D2EEC8623}.Release|Any CPU.ActiveCfg = Release|Any CPU
		{1FE648DC-817E-4F6C-AA83-563D2EEC8623}.Release|Any CPU.Build.0 = Release|Any CPU
		{F105714C-4F91-4001-8967-B68343CDA5DC}.Debug|Any CPU.ActiveCfg = Debug|Any CPU
		{F105714C-4F91-4001-8967-B68343CDA5DC}.Debug|Any CPU.Build.0 = Debug|Any CPU
		{F105714C-4F91-4001-8967-B68343CDA5DC}.Release|Any CPU.ActiveCfg = Release|Any CPU
		{F105714C-4F91-4001-8967-B68343CDA5DC}.Release|Any CPU.Build.0 = Release|Any CPU
		{69A6F433-11E0-4AA3-9FF8-8DE823E72066}.Debug|Any CPU.ActiveCfg = Debug|Any CPU
		{69A6F433-11E0-4AA3-9FF8-8DE823E72066}.Debug|Any CPU.Build.0 = Debug|Any CPU
		{69A6F433-11E0-4AA3-9FF8-8DE823E72066}.Release|Any CPU.ActiveCfg = Release|Any CPU
		{69A6F433-11E0-4AA3-9FF8-8DE823E72066}.Release|Any CPU.Build.0 = Release|Any CPU
		{BD35F8A3-CA15-4A38-98C3-2DE1B4F89E80}.Debug|Any CPU.ActiveCfg = Debug|Any CPU
		{BD35F8A3-CA15-4A38-98C3-2DE1B4F89E80}.Debug|Any CPU.Build.0 = Debug|Any CPU
		{BD35F8A3-CA15-4A38-98C3-2DE1B4F89E80}.Release|Any CPU.ActiveCfg = Release|Any CPU
		{BD35F8A3-CA15-4A38-98C3-2DE1B4F89E80}.Release|Any CPU.Build.0 = Release|Any CPU
		{1F986C1E-451F-4C98-8A09-0940B3C01515}.Debug|Any CPU.ActiveCfg = Debug|Any CPU
		{1F986C1E-451F-4C98-8A09-0940B3C01515}.Debug|Any CPU.Build.0 = Debug|Any CPU
		{1F986C1E-451F-4C98-8A09-0940B3C01515}.Release|Any CPU.ActiveCfg = Release|Any CPU
		{1F986C1E-451F-4C98-8A09-0940B3C01515}.Release|Any CPU.Build.0 = Release|Any CPU
		{B06C39F0-E54A-47AD-936A-D1D818435F22}.Debug|Any CPU.ActiveCfg = Debug|Any CPU
		{B06C39F0-E54A-47AD-936A-D1D818435F22}.Debug|Any CPU.Build.0 = Debug|Any CPU
		{B06C39F0-E54A-47AD-936A-D1D818435F22}.Release|Any CPU.ActiveCfg = Release|Any CPU
		{B06C39F0-E54A-47AD-936A-D1D818435F22}.Release|Any CPU.Build.0 = Release|Any CPU
		{DE75FEAC-BD57-474D-B253-C46B14D7D6F2}.Debug|Any CPU.ActiveCfg = Debug|Any CPU
		{DE75FEAC-BD57-474D-B253-C46B14D7D6F2}.Debug|Any CPU.Build.0 = Debug|Any CPU
		{DE75FEAC-BD57-474D-B253-C46B14D7D6F2}.Release|Any CPU.ActiveCfg = Release|Any CPU
		{DE75FEAC-BD57-474D-B253-C46B14D7D6F2}.Release|Any CPU.Build.0 = Release|Any CPU
	EndGlobalSection
	GlobalSection(SolutionProperties) = preSolution
		HideSolutionNode = FALSE
	EndGlobalSection
	GlobalSection(NestedProjects) = preSolution
		{E19F7147-2375-4BC6-884C-BF102B1ABE86} = {AC9FF90B-6A83-4DF3-8A29-896CF5C85F26}
		{5077EB57-2C13-4959-98CF-DF5FB0E8297A} = {3AF55377-334E-4305-A647-1DE32B759488}
		{1BD226D7-FBD4-4DF6-8643-6A9CF1C6FE8F} = {3AF55377-334E-4305-A647-1DE32B759488}
		{2FE8664D-B30D-4076-9C5F-D0522C1E85DA} = {3AF55377-334E-4305-A647-1DE32B759488}
		{8774F9BB-EA29-47BB-B14D-F478E82074CF} = {66AB9DC7-AA6F-4836-B30D-8A63EEC00B27}
		{569F4DC9-90ED-4B90-88E2-80494E66B205} = {66AB9DC7-AA6F-4836-B30D-8A63EEC00B27}
		{F8FE1D42-B9DF-4BB8-B7E1-A1C1CBE765F8} = {66AB9DC7-AA6F-4836-B30D-8A63EEC00B27}
		{1FE648DC-817E-4F6C-AA83-563D2EEC8623} = {66AB9DC7-AA6F-4836-B30D-8A63EEC00B27}
		{F105714C-4F91-4001-8967-B68343CDA5DC} = {BCEEF835-275E-458C-A4C4-6BCDABCDBE5A}
		{69A6F433-11E0-4AA3-9FF8-8DE823E72066} = {BCEEF835-275E-458C-A4C4-6BCDABCDBE5A}
		{BD35F8A3-CA15-4A38-98C3-2DE1B4F89E80} = {BCEEF835-275E-458C-A4C4-6BCDABCDBE5A}
		{1F986C1E-451F-4C98-8A09-0940B3C01515} = {3E922E33-35D8-4575-90E9-3A513A4864A1}
		{B06C39F0-E54A-47AD-936A-D1D818435F22} = {CF835F25-1F90-48B2-A351-30FA3604592B}
		{DE75FEAC-BD57-474D-B253-C46B14D7D6F2} = {F7576199-018D-4F00-98DC-0591057C5506}
	EndGlobalSection
	GlobalSection(ExtensibilityGlobals) = postSolution
		SolutionGuid = {4D986A49-AEC2-464D-88A0-D0B1738059EE}
	EndGlobalSection
EndGlobal
